
Microsoft Visual Studio Solution File, Format Version 12.00
# Visual Studio Version 17
VisualStudioVersion = 17.5.002.0
MinimumVisualStudioVersion = 10.0.40219.1
Project("{FAE04EC0-301F-11D3-BF4B-00C04F79EFBC}") = "MinishootRandomizer", "MinishootRandomizer\MinishootRandomizer.csproj", "{E83B04A9-F0DC-4725-B699-0AECF71CA191}"
EndProject
Project("{FAE04EC0-301F-11D3-BF4B-00C04F79EFBC}") = "MinishootRandomizer.Tests", "MinishootRandomizer.Tests\MinishootRandomizer.Tests.csproj", "{F14A135C-E09B-4C39-9D3A-09A4C77486B3}"
EndProject
Global
	GlobalSection(SolutionConfigurationPlatforms) = preSolution
		Debug|Any CPU = Debug|Any CPU
		Release|Any CPU = Release|Any CPU
	EndGlobalSection
	GlobalSection(ProjectConfigurationPlatforms) = postSolution
		{E83B04A9-F0DC-4725-B699-0AECF71CA191}.Debug|Any CPU.ActiveCfg = Debug|Any CPU
		{E83B04A9-F0DC-4725-B699-0AECF71CA191}.Debug|Any CPU.Build.0 = Debug|Any CPU
		{E83B04A9-F0DC-4725-B699-0AECF71CA191}.Release|Any CPU.ActiveCfg = Release|Any CPU
		{E83B04A9-F0DC-4725-B699-0AECF71CA191}.Release|Any CPU.Build.0 = Release|Any CPU
		{F14A135C-E09B-4C39-9D3A-09A4C77486B3}.Debug|Any CPU.ActiveCfg = Debug|Any CPU
		{F14A135C-E09B-4C39-9D3A-09A4C77486B3}.Debug|Any CPU.Build.0 = Debug|Any CPU
		{F14A135C-E09B-4C39-9D3A-09A4C77486B3}.Release|Any CPU.ActiveCfg = Release|Any CPU
		{F14A135C-E09B-4C39-9D3A-09A4C77486B3}.Release|Any CPU.Build.0 = Release|Any CPU
	EndGlobalSection
	GlobalSection(SolutionProperties) = preSolution
		HideSolutionNode = FALSE
	EndGlobalSection
	GlobalSection(ExtensibilityGlobals) = postSolution
		SolutionGuid = {974387C3-BE35-4C38-9F1B-0D2DD8F6EAE4}
	EndGlobalSection
EndGlobal
